{"version":4,"terraform_version":"1.10.6","serial":205,"lineage":"c6e439e1-d64a-41cc-ff88-e453cfd9554e","outputs":{"all-availability-domains-in-your-tenancy":{"value":[{"compartment_id":"ocid1.tenancy.oc1..aaaaaaaajec5mderj44gstfqtsali2zfbhpwyrcwsovjqpa5w5u7e3vecula","id":"ocid1.availabilitydomain.oc1..aaaaaaaa36jxkehxfoihty2xbagvwiwz4wasae2zpmr3s4oxt45cl3wd5yla","name":"mvJB:EU-STOCKHOLM-1-AD-1"}],"type":["list",["object",{"compartment_id":"string","id":"string","name":"string"}]]},"compartment-id":{"value":"ocid1.compartment.oc1..aaaaaaaax3e2uwp5gy6z4v7h6cqb4wugfyipo6pltfxxlsy377zmrb3xuasq","type":"string"},"compartment-name":{"value":"tf-comp","type":"string"},"id-for-for-route-table-that-includes-the-nat-gateway":{"value":"ocid1.routetable.oc1.eu-stockholm-1.aaaaaaaa6i5uxum23fsxsqfajdol2oj7bn5spmg76yfsgrx2gx2si75mnwuq","type":"string"},"id-for-route-table-that-includes-the-internet-gateway":{"value":"ocid1.routetable.oc1.eu-stockholm-1.aaaaaaaa6kf5lr42iuxrvorf5a4pfj5ulg2qhu3xifzzj7pr7poa7oci6jra","type":"string"},"name-of-first-availability-domain":{"value":"mvJB:EU-STOCKHOLM-1-AD-1","type":"string"},"nat-gateway-id":{"value":"ocid1.natgateway.oc1.eu-stockholm-1.aaaaaaaaxrykglxaia5zn3ty3lrmghkl4i3y7hccgvrdva4osjs3d7k6tmoq","type":"string"},"public-ip-for-compute-instance":{"value":"207.127.93.201","type":"string"},"public-security-list-OCID":{"value":"ocid1.securitylist.oc1.eu-stockholm-1.aaaaaaaapdtvupda6jgw5qvsibsmu3y7b2guk5374qo6bk2puysgoaxkjvwa","type":"string"},"public-security-list-name":{"value":"security-list-for-public-subnet","type":"string"},"public-subnet-OCID":{"value":"ocid1.subnet.oc1.eu-stockholm-1.aaaaaaaaztu6glmhbtu6btwxgppdhts7oyytggbnleaskndhwzrhvwauayfa","type":"string"},"public-subnet-name":{"value":"public-subnet","type":"string"},"vcn_id":{"value":"ocid1.vcn.oc1.eu-stockholm-1.amaaaaaalri3laiasz6afha2nxbbzk3vidauwu77dtfntt2yyf6duk4ekxma","type":"string"}},"resources":[{"mode":"data","type":"oci_identity_availability_domains","name":"ads","provider":"provider[\"registry.opentofu.org/oracle/oci\"]","instances":[{"schema_version":0,"attributes":{"availability_domains":[{"compartment_id":"ocid1.tenancy.oc1..aaaaaaaajec5mderj44gstfqtsali2zfbhpwyrcwsovjqpa5w5u7e3vecula","id":"ocid1.availabilitydomain.oc1..aaaaaaaa36jxkehxfoihty2xbagvwiwz4wasae2zpmr3s4oxt45cl3wd5yla","name":"mvJB:EU-STOCKHOLM-1-AD-1"}],"compartment_id":"ocid1.tenancy.oc1..aaaaaaaajec5mderj44gstfqtsali2zfbhpwyrcwsovjqpa5w5u7e3vecula","filter":null,"id":"IdentityAvailabilityDomainsDataSource-3070149603"},"sensitive_attributes":[]}]},{"mode":"managed","type":"oci_core_instance","name":"ubuntu_instance","provider":"provider[\"registry.opentofu.org/oracle/oci\"]","instances":[{"schema_version":0,"attributes":{"agent_config":[{"are_all_plugins_disabled":false,"is_management_disabled":false,"is_monitoring_disabled":false,"plugins_config":[]}],"async":null,"availability_config":[{"is_live_migration_preferred":false,"recovery_action":"RESTORE_INSTANCE"}],"availability_domain":"mvJB:EU-STOCKHOLM-1-AD-1","boot_volume_id":"ocid1.bootvolume.oc1.eu-stockholm-1.abqxeljroqbnbs4vgykkewqzrdmdok4m2c3wljn56f4wubq5uadpwq7yx4fa","capacity_reservation_id":null,"cluster_placement_group_id":null,"compartment_id":"ocid1.compartment.oc1..aaaaaaaax3e2uwp5gy6z4v7h6cqb4wugfyipo6pltfxxlsy377zmrb3xuasq","compute_cluster_id":null,"create_vnic_details":[{"assign_ipv6ip":false,"assign_private_dns_record":false,"assign_public_ip":"true","defined_tags":{"Oracle-Tags.CreatedBy":"default/emanueljohnsongodin@gmail.com","Oracle-Tags.CreatedOn":"2025-10-23T13:05:53.344Z"},"display_name":"cavendish","freeform_tags":{},"hostname_label":"","ipv6address_ipv6subnet_cidr_pair_details":[],"nsg_ids":[],"private_ip":"10.0.0.253","security_attributes":{},"skip_source_dest_check":false,"subnet_id":"ocid1.subnet.oc1.eu-stockholm-1.aaaaaaaaztu6glmhbtu6btwxgppdhts7oyytggbnleaskndhwzrhvwauayfa","vlan_id":""}],"dedicated_vm_host_id":null,"defined_tags":{"Oracle-Tags.CreatedBy":"default/emanueljohnsongodin@gmail.com","Oracle-Tags.CreatedOn":"2025-10-23T13:05:53.263Z"},"display_name":"cavendish","extended_metadata":{},"fault_domain":"FAULT-DOMAIN-1","freeform_tags":{},"hostname_label":"","id":"ocid1.instance.oc1.eu-stockholm-1.anqxeljrlri3laic5ua75vx3fmwz6vsckknqy3ducecmftoqkwolcoryjw4a","image":"ocid1.image.oc1.eu-stockholm-1.aaaaaaaayjmlhokg7pot57oohemqex267vdz6hsskpbbxn45uevynocq7btq","instance_configuration_id":null,"instance_options":[{"are_legacy_imds_endpoints_disabled":false}],"ipxe_script":null,"is_ai_enterprise_enabled":null,"is_cross_numa_node":false,"is_pv_encryption_in_transit_enabled":null,"launch_mode":"PARAVIRTUALIZED","launch_options":[{"boot_volume_type":"PARAVIRTUALIZED","firmware":"UEFI_64","is_consistent_volume_naming_enabled":true,"is_pv_encryption_in_transit_enabled":false,"network_type":"PARAVIRTUALIZED","remote_data_volume_type":"PARAVIRTUALIZED"}],"launch_volume_attachments":null,"licensing_configs":[],"metadata":{"ssh_authorized_keys":"ssh-rsa AAAAB3NzaC1yc2EAAAADAQABAAABAQC8MjhACxBlKocEFqYX5GTmx/o0hrNh+AuyrIscHserzvjxINyEc/7kTkC7WKl+uwpebVQ/FNgjinwxgyetc1c3HAiMLOIQr7+6Pee8V3L/uTjRZNYLzKlXlCuwEj/pzowL9O4C+h76ehdG4ysZXa4WCoEhVV0qengXtAERhPAKVVV9pg1AGdynGmd2sImYVkNg6wCXlF6kfRa4jOSf3HdPz0xUYJGlJbKy0RqZ2jdMuOpVfj4vAcJguC0zKd2JzxxZVjijjw81drg1gRwD+a59e9w2Je2L+nZBDL9YEDuFHujAanXepyHiGtzqST0xo/DvoOyEwXsspNU1J+xtJ1TH oracle-terraform-ssh\n"},"placement_constraint_details":[],"platform_config":[],"preemptible_instance_config":[],"preserve_boot_volume":false,"preserve_data_volumes_created_at_launch":null,"private_ip":"10.0.0.253","public_ip":"207.127.93.201","region":"eu-stockholm-1","security_attributes":{},"security_attributes_state":"STABLE","shape":"VM.Standard.A1.Flex","shape_config":[{"baseline_ocpu_utilization":"","gpu_description":"","gpus":0,"local_disk_description":"","local_disks":0,"local_disks_total_size_in_gbs":0,"max_vnic_attachments":4,"memory_in_gbs":24,"networking_bandwidth_in_gbps":4,"nvmes":0,"ocpus":4,"processor_description":"3.0 GHz Ampere® Altra™","resource_management":"","vcpus":4}],"source_details":[{"boot_volume_size_in_gbs":"200","boot_volume_vpus_per_gb":"10","instance_source_image_filter_details":[],"is_preserve_boot_volume_enabled":false,"kms_key_id":"","source_id":"ocid1.image.oc1.eu-stockholm-1.aaaaaaaayjmlhokg7pot57oohemqex267vdz6hsskpbbxn45uevynocq7btq","source_type":"image"}],"state":"RUNNING","subnet_id":"ocid1.subnet.oc1.eu-stockholm-1.aaaaaaaaztu6glmhbtu6btwxgppdhts7oyytggbnleaskndhwzrhvwauayfa","system_tags":{},"time_created":"2025-10-23 13:05:53.675 +0000 UTC","time_maintenance_reboot_due":"","timeouts":null,"update_operation_constraint":null},"sensitive_attributes":[],"private":"eyJlMmJmYjczMC1lY2FhLTExZTYtOGY4OC0zNDM2M2JjN2M0YzAiOnsiY3JlYXRlIjoyNzAwMDAwMDAwMDAwLCJkZWxldGUiOjQ1MDAwMDAwMDAwMDAsInVwZGF0ZSI6MjcwMDAwMDAwMDAwMH19","dependencies":["data.oci_identity_availability_domains.ads","module.vcn.oci_core_internet_gateway.ig","module.vcn.oci_core_local_peering_gateway.lpg","module.vcn.oci_core_route_table.ig","module.vcn.oci_core_vcn.vcn","oci_core_security_list.public-security-list","oci_core_subnet.vcn-public-subnet","oci_identity_compartment.tf-compartment"]}]},{"mode":"managed","type":"oci_core_security_list","name":"public-security-list","provider":"provider[\"registry.opentofu.org/oracle/oci\"]","instances":[{"schema_version":0,"attributes":{"compartment_id":"ocid1.compartment.oc1..aaaaaaaax3e2uwp5gy6z4v7h6cqb4wugfyipo6pltfxxlsy377zmrb3xuasq","defined_tags":{"Oracle-Tags.CreatedBy":"default/emanueljohnsongodin@gmail.com","Oracle-Tags.CreatedOn":"2025-10-23T13:05:50.066Z"},"display_name":"security-list-for-public-subnet","egress_security_rules":[{"description":"","destination":"0.0.0.0/0","destination_type":"CIDR_BLOCK","icmp_options":[],"protocol":"all","stateless":false,"tcp_options":[],"udp_options":[]}],"freeform_tags":{},"id":"ocid1.securitylist.oc1.eu-stockholm-1.aaaaaaaapdtvupda6jgw5qvsibsmu3y7b2guk5374qo6bk2puysgoaxkjvwa","ingress_security_rules":[{"description":"","icmp_options":[],"protocol":"1","source":"0.0.0.0/0","source_type":"CIDR_BLOCK","stateless":false,"tcp_options":[],"udp_options":[]},{"description":"","icmp_options":[],"protocol":"6","source":"0.0.0.0/0","source_type":"CIDR_BLOCK","stateless":false,"tcp_options":[{"max":22,"min":22,"source_port_range":[]}],"udp_options":[]}],"state":"AVAILABLE","time_created":"2025-10-23 13:05:50.086 +0000 UTC","timeouts":null,"vcn_id":"ocid1.vcn.oc1.eu-stockholm-1.amaaaaaalri3laiasz6afha2nxbbzk3vidauwu77dtfntt2yyf6duk4ekxma"},"sensitive_attributes":[],"private":"eyJlMmJmYjczMC1lY2FhLTExZTYtOGY4OC0zNDM2M2JjN2M0YzAiOnsiY3JlYXRlIjoxMjAwMDAwMDAwMDAwLCJkZWxldGUiOjEyMDAwMDAwMDAwMDAsInVwZGF0ZSI6MTIwMDAwMDAwMDAwMH19","dependencies":["module.vcn.oci_core_vcn.vcn","oci_identity_compartment.tf-compartment"]}]},{"mode":"managed","type":"oci_core_subnet","name":"vcn-public-subnet","provider":"provider[\"registry.opentofu.org/oracle/oci\"]","instances":[{"schema_version":0,"attributes":{"availability_domain":null,"cidr_block":"10.0.0.0/24","compartment_id":"ocid1.compartment.oc1..aaaaaaaax3e2uwp5gy6z4v7h6cqb4wugfyipo6pltfxxlsy377zmrb3xuasq","defined_tags":{"Oracle-Tags.CreatedBy":"default/emanueljohnsongodin@gmail.com","Oracle-Tags.CreatedOn":"2025-10-23T13:05:51.009Z"},"dhcp_options_id":"ocid1.dhcpoptions.oc1.eu-stockholm-1.aaaaaaaaeqxhflmkvd3nyspgrz2cqf4w5b2tedl7mo2mp3sii5pmea2xr3wq","display_name":"public-subnet","dns_label":null,"freeform_tags":{},"id":"ocid1.subnet.oc1.eu-stockholm-1.aaaaaaaaztu6glmhbtu6btwxgppdhts7oyytggbnleaskndhwzrhvwauayfa","ipv6cidr_block":null,"ipv6cidr_blocks":[],"ipv6virtual_router_ip":null,"prohibit_internet_ingress":false,"prohibit_public_ip_on_vnic":false,"route_table_id":"ocid1.routetable.oc1.eu-stockholm-1.aaaaaaaa6kf5lr42iuxrvorf5a4pfj5ulg2qhu3xifzzj7pr7poa7oci6jra","security_list_ids":["ocid1.securitylist.oc1.eu-stockholm-1.aaaaaaaapdtvupda6jgw5qvsibsmu3y7b2guk5374qo6bk2puysgoaxkjvwa"],"state":"AVAILABLE","subnet_domain_name":null,"time_created":"2025-10-23 13:05:51.042 +0000 UTC","timeouts":null,"vcn_id":"ocid1.vcn.oc1.eu-stockholm-1.amaaaaaalri3laiasz6afha2nxbbzk3vidauwu77dtfntt2yyf6duk4ekxma","virtual_router_ip":"10.0.0.1","virtual_router_mac":"00:00:17:EE:67:5D"},"sensitive_attributes":[],"private":"eyJlMmJmYjczMC1lY2FhLTExZTYtOGY4OC0zNDM2M2JjN2M0YzAiOnsiY3JlYXRlIjoxMjAwMDAwMDAwMDAwLCJkZWxldGUiOjEyMDAwMDAwMDAwMDAsInVwZGF0ZSI6MTIwMDAwMDAwMDAwMH19","dependencies":["module.vcn.oci_core_internet_gateway.ig","module.vcn.oci_core_local_peering_gateway.lpg","module.vcn.oci_core_route_table.ig","module.vcn.oci_core_vcn.vcn","oci_core_security_list.public-security-list","oci_identity_compartment.tf-compartment"]}]},{"mode":"managed","type":"oci_identity_compartment","name":"tf-compartment","provider":"provider[\"registry.opentofu.org/oracle/oci\"]","instances":[{"schema_version":0,"attributes":{"compartment_id":"ocid1.tenancy.oc1..aaaaaaaajec5mderj44gstfqtsali2zfbhpwyrcwsovjqpa5w5u7e3vecula","defined_tags":{"Oracle-Tags.CreatedBy":"default/emanueljohnsongodin@gmail.com","Oracle-Tags.CreatedOn":"2025-10-18T14:00:23.624Z"},"description":"Compartment for Terraform resources.","enable_delete":null,"freeform_tags":{},"id":"ocid1.compartment.oc1..aaaaaaaax3e2uwp5gy6z4v7h6cqb4wugfyipo6pltfxxlsy377zmrb3xuasq","inactive_state":null,"is_accessible":true,"name":"tf-comp","state":"ACTIVE","time_created":"2025-10-18 14:00:23.681 +0000 UTC","timeouts":null},"sensitive_attributes":[],"private":"eyJlMmJmYjczMC1lY2FhLTExZTYtOGY4OC0zNDM2M2JjN2M0YzAiOnsiZGVsZXRlIjo1NDAwMDAwMDAwMDAwfX0="}]},{"module":"module.vcn","mode":"data","type":"oci_core_services","name":"all_oci_services","provider":"provider[\"registry.opentofu.org/oracle/oci\"]","instances":[{"index_key":0,"schema_version":0,"attributes":{"filter":[{"name":"name","regex":true,"values":["All .* Services In Oracle Services Network"]}],"id":"CoreServicesDataSource-0","services":[{"cidr_block":"all-arn-services-in-oracle-services-network","description":"All ARN Services In Oracle Services Network","id":"ocid1.service.oc1.eu-stockholm-1.aaaaaaaarejx6trocduprd4rjbu47j5oxialnnf3hetb7dazo22dlopv2gza","name":"All ARN Services In Oracle Services Network"}]},"sensitive_attributes":[]}]},{"module":"module.vcn","mode":"managed","type":"oci_core_default_security_list","name":"lockdown","provider":"provider[\"registry.opentofu.org/oracle/oci\"]","instances":[{"index_key":0,"schema_version":0,"attributes":{"compartment_id":"ocid1.compartment.oc1..aaaaaaaax3e2uwp5gy6z4v7h6cqb4wugfyipo6pltfxxlsy377zmrb3xuasq","defined_tags":{"Oracle-Tags.CreatedBy":"default/emanueljohnsongodin@gmail.com","Oracle-Tags.CreatedOn":"2025-10-23T13:05:49.274Z"},"display_name":"Default Security List for tf-vcn","egress_security_rules":[],"freeform_tags":{"module":"oracle-terraform-modules/vcn/oci","terraformed":"Please do not edit manually"},"id":"ocid1.securitylist.oc1.eu-stockholm-1.aaaaaaaadgxox5j67vnzls62mij2ndt2pvilvlulpt3faunhs7eijnx6kevq","ingress_security_rules":[],"manage_default_resource_id":"ocid1.securitylist.oc1.eu-stockholm-1.aaaaaaaadgxox5j67vnzls62mij2ndt2pvilvlulpt3faunhs7eijnx6kevq","state":"AVAILABLE","time_created":"2025-10-23 13:05:49.334 +0000 UTC","timeouts":null},"sensitive_attributes":[],"private":"eyJlMmJmYjczMC1lY2FhLTExZTYtOGY4OC0zNDM2M2JjN2M0YzAiOnsiY3JlYXRlIjoxMjAwMDAwMDAwMDAwLCJkZWxldGUiOjEyMDAwMDAwMDAwMDAsInVwZGF0ZSI6MTIwMDAwMDAwMDAwMH19","dependencies":["module.vcn.oci_core_vcn.vcn","oci_identity_compartment.tf-compartment"]}]},{"module":"module.vcn","mode":"managed","type":"oci_core_internet_gateway","name":"ig","provider":"provider[\"registry.opentofu.org/oracle/oci\"]","instances":[{"index_key":0,"schema_version":0,"attributes":{"compartment_id":"ocid1.compartment.oc1..aaaaaaaax3e2uwp5gy6z4v7h6cqb4wugfyipo6pltfxxlsy377zmrb3xuasq","defined_tags":{"Oracle-Tags.CreatedBy":"default/emanueljohnsongodin@gmail.com","Oracle-Tags.CreatedOn":"2025-10-23T13:05:49.986Z"},"display_name":"internet-gateway","enabled":true,"freeform_tags":{"module":"oracle-terraform-modules/vcn/oci","terraformed":"Please do not edit manually"},"id":"ocid1.internetgateway.oc1.eu-stockholm-1.aaaaaaaa3bcvuijwpvuqlou7amw4oavzuefa3frubf6eevntlnjkqopfalga","route_table_id":null,"state":"AVAILABLE","time_created":"2025-10-23 13:05:50.013 +0000 UTC","timeouts":null,"vcn_id":"ocid1.vcn.oc1.eu-stockholm-1.amaaaaaalri3laiasz6afha2nxbbzk3vidauwu77dtfntt2yyf6duk4ekxma"},"sensitive_attributes":[],"private":"eyJlMmJmYjczMC1lY2FhLTExZTYtOGY4OC0zNDM2M2JjN2M0YzAiOnsiY3JlYXRlIjoxMjAwMDAwMDAwMDAwLCJkZWxldGUiOjEyMDAwMDAwMDAwMDAsInVwZGF0ZSI6MTIwMDAwMDAwMDAwMH19","dependencies":["module.vcn.oci_core_vcn.vcn","oci_identity_compartment.tf-compartment"]}]},{"module":"module.vcn","mode":"managed","type":"oci_core_nat_gateway","name":"nat_gateway","provider":"provider[\"registry.opentofu.org/oracle/oci\"]","instances":[{"index_key":0,"schema_version":0,"attributes":{"block_traffic":false,"compartment_id":"ocid1.compartment.oc1..aaaaaaaax3e2uwp5gy6z4v7h6cqb4wugfyipo6pltfxxlsy377zmrb3xuasq","defined_tags":{"Oracle-Tags.CreatedBy":"default/emanueljohnsongodin@gmail.com","Oracle-Tags.CreatedOn":"2025-10-23T13:05:50.101Z"},"display_name":"nat-gateway","freeform_tags":{"module":"oracle-terraform-modules/vcn/oci","terraformed":"Please do not edit manually"},"id":"ocid1.natgateway.oc1.eu-stockholm-1.aaaaaaaaxrykglxaia5zn3ty3lrmghkl4i3y7hccgvrdva4osjs3d7k6tmoq","nat_ip":"79.76.51.154","public_ip_id":"ocid1.publicip.oc1.eu-stockholm-1.aaaaaaaavcfpqi26wsr4ray6knclnsbjs5aiflawm736o43btblehys7r6iq","route_table_id":null,"state":"AVAILABLE","time_created":"2025-10-23 13:05:50.239 +0000 UTC","timeouts":null,"vcn_id":"ocid1.vcn.oc1.eu-stockholm-1.amaaaaaalri3laiasz6afha2nxbbzk3vidauwu77dtfntt2yyf6duk4ekxma"},"sensitive_attributes":[],"private":"eyJlMmJmYjczMC1lY2FhLTExZTYtOGY4OC0zNDM2M2JjN2M0YzAiOnsiY3JlYXRlIjoxMjAwMDAwMDAwMDAwLCJkZWxldGUiOjEyMDAwMDAwMDAwMDAsInVwZGF0ZSI6MTIwMDAwMDAwMDAwMH19","dependencies":["module.vcn.oci_core_vcn.vcn","oci_identity_compartment.tf-compartment"]}]},{"module":"module.vcn","mode":"managed","type":"oci_core_route_table","name":"ig","provider":"provider[\"registry.opentofu.org/oracle/oci\"]","instances":[{"index_key":0,"schema_version":0,"attributes":{"compartment_id":"ocid1.compartment.oc1..aaaaaaaax3e2uwp5gy6z4v7h6cqb4wugfyipo6pltfxxlsy377zmrb3xuasq","defined_tags":{"Oracle-Tags.CreatedBy":"default/emanueljohnsongodin@gmail.com","Oracle-Tags.CreatedOn":"2025-10-23T13:05:50.524Z"},"display_name":"internet-route","freeform_tags":{"module":"oracle-terraform-modules/vcn/oci","terraformed":"Please do not edit manually"},"id":"ocid1.routetable.oc1.eu-stockholm-1.aaaaaaaa6kf5lr42iuxrvorf5a4pfj5ulg2qhu3xifzzj7pr7poa7oci6jra","route_rules":[{"cidr_block":"","description":"Terraformed - Auto-generated at Internet Gateway creation: Internet Gateway as default gateway","destination":"0.0.0.0/0","destination_type":"CIDR_BLOCK","network_entity_id":"ocid1.internetgateway.oc1.eu-stockholm-1.aaaaaaaa3bcvuijwpvuqlou7amw4oavzuefa3frubf6eevntlnjkqopfalga","route_type":"STATIC"}],"state":"AVAILABLE","time_created":"2025-10-23 13:05:50.544 +0000 UTC","timeouts":null,"vcn_id":"ocid1.vcn.oc1.eu-stockholm-1.amaaaaaalri3laiasz6afha2nxbbzk3vidauwu77dtfntt2yyf6duk4ekxma"},"sensitive_attributes":[],"private":"eyJlMmJmYjczMC1lY2FhLTExZTYtOGY4OC0zNDM2M2JjN2M0YzAiOnsiY3JlYXRlIjoxMjAwMDAwMDAwMDAwLCJkZWxldGUiOjEyMDAwMDAwMDAwMDAsInVwZGF0ZSI6MTIwMDAwMDAwMDAwMH19","dependencies":["module.vcn.oci_core_internet_gateway.ig","module.vcn.oci_core_local_peering_gateway.lpg","module.vcn.oci_core_vcn.vcn","oci_identity_compartment.tf-compartment"]}]},{"module":"module.vcn","mode":"managed","type":"oci_core_route_table","name":"nat","provider":"provider[\"registry.opentofu.org/oracle/oci\"]","instances":[{"index_key":0,"schema_version":0,"attributes":{"compartment_id":"ocid1.compartment.oc1..aaaaaaaax3e2uwp5gy6z4v7h6cqb4wugfyipo6pltfxxlsy377zmrb3xuasq","defined_tags":{"Oracle-Tags.CreatedBy":"default/emanueljohnsongodin@gmail.com","Oracle-Tags.CreatedOn":"2025-10-23T13:05:54.722Z"},"display_name":"nat-route","freeform_tags":{"module":"oracle-terraform-modules/vcn/oci","terraformed":"Please do not edit manually"},"id":"ocid1.routetable.oc1.eu-stockholm-1.aaaaaaaa6i5uxum23fsxsqfajdol2oj7bn5spmg76yfsgrx2gx2si75mnwuq","route_rules":[{"cidr_block":"","description":"Terraformed - Auto-generated at NAT Gateway creation: NAT Gateway as default gateway","destination":"0.0.0.0/0","destination_type":"CIDR_BLOCK","network_entity_id":"ocid1.natgateway.oc1.eu-stockholm-1.aaaaaaaaxrykglxaia5zn3ty3lrmghkl4i3y7hccgvrdva4osjs3d7k6tmoq","route_type":"STATIC"},{"cidr_block":"","description":"Terraformed - Auto-generated at Service Gateway creation: All Services in region to Service Gateway","destination":"all-arn-services-in-oracle-services-network","destination_type":"SERVICE_CIDR_BLOCK","network_entity_id":"ocid1.servicegateway.oc1.eu-stockholm-1.aaaaaaaaqfmvh5mcolb2uenkm2yjshnntqdad64etdkpxvmchuintg365oeq","route_type":"STATIC"}],"state":"AVAILABLE","time_created":"2025-10-23 13:05:54.751 +0000 UTC","timeouts":null,"vcn_id":"ocid1.vcn.oc1.eu-stockholm-1.amaaaaaalri3laiasz6afha2nxbbzk3vidauwu77dtfntt2yyf6duk4ekxma"},"sensitive_attributes":[],"private":"eyJlMmJmYjczMC1lY2FhLTExZTYtOGY4OC0zNDM2M2JjN2M0YzAiOnsiY3JlYXRlIjoxMjAwMDAwMDAwMDAwLCJkZWxldGUiOjEyMDAwMDAwMDAwMDAsInVwZGF0ZSI6MTIwMDAwMDAwMDAwMH19","dependencies":["module.vcn.data.oci_core_services.all_oci_services","module.vcn.oci_core_local_peering_gateway.lpg","module.vcn.oci_core_nat_gateway.nat_gateway","module.vcn.oci_core_service_gateway.service_gateway","module.vcn.oci_core_vcn.vcn","oci_identity_compartment.tf-compartment"]}]},{"module":"module.vcn","mode":"managed","type":"oci_core_route_table","name":"service_gw","provider":"provider[\"registry.opentofu.org/oracle/oci\"]","instances":[{"index_key":0,"schema_version":0,"attributes":{"compartment_id":"ocid1.compartment.oc1..aaaaaaaax3e2uwp5gy6z4v7h6cqb4wugfyipo6pltfxxlsy377zmrb3xuasq","defined_tags":{"Oracle-Tags.CreatedBy":"default/emanueljohnsongodin@gmail.com","Oracle-Tags.CreatedOn":"2025-10-23T13:05:54.540Z"},"display_name":"service-gw-route","freeform_tags":{"module":"oracle-terraform-modules/vcn/oci","terraformed":"Please do not edit manually"},"id":"ocid1.routetable.oc1.eu-stockholm-1.aaaaaaaaazwb364rptnwffbyzlcvwocpkc2alabd4b5r6rvkhb6du22p5f2q","route_rules":[{"cidr_block":"","description":"Terraformed - Auto-generated at Service Gateway creation: All Services in region to Service Gateway","destination":"all-arn-services-in-oracle-services-network","destination_type":"SERVICE_CIDR_BLOCK","network_entity_id":"ocid1.servicegateway.oc1.eu-stockholm-1.aaaaaaaaqfmvh5mcolb2uenkm2yjshnntqdad64etdkpxvmchuintg365oeq","route_type":"STATIC"}],"state":"AVAILABLE","time_created":"2025-10-23 13:05:54.556 +0000 UTC","timeouts":null,"vcn_id":"ocid1.vcn.oc1.eu-stockholm-1.amaaaaaalri3laiasz6afha2nxbbzk3vidauwu77dtfntt2yyf6duk4ekxma"},"sensitive_attributes":[],"private":"eyJlMmJmYjczMC1lY2FhLTExZTYtOGY4OC0zNDM2M2JjN2M0YzAiOnsiY3JlYXRlIjoxMjAwMDAwMDAwMDAwLCJkZWxldGUiOjEyMDAwMDAwMDAwMDAsInVwZGF0ZSI6MTIwMDAwMDAwMDAwMH19","dependencies":["module.vcn.data.oci_core_services.all_oci_services","module.vcn.oci_core_service_gateway.service_gateway","module.vcn.oci_core_vcn.vcn","oci_identity_compartment.tf-compartment"]}]},{"module":"module.vcn","mode":"managed","type":"oci_core_service_gateway","name":"service_gateway","provider":"provider[\"registry.opentofu.org/oracle/oci\"]","instances":[{"index_key":0,"schema_version":0,"attributes":{"block_traffic":false,"compartment_id":"ocid1.compartment.oc1..aaaaaaaax3e2uwp5gy6z4v7h6cqb4wugfyipo6pltfxxlsy377zmrb3xuasq","defined_tags":{"Oracle-Tags.CreatedBy":"default/emanueljohnsongodin@gmail.com","Oracle-Tags.CreatedOn":"2025-10-23T13:05:50.081Z"},"display_name":"service-gateway","freeform_tags":{"module":"oracle-terraform-modules/vcn/oci","terraformed":"Please do not edit manually"},"id":"ocid1.servicegateway.oc1.eu-stockholm-1.aaaaaaaaqfmvh5mcolb2uenkm2yjshnntqdad64etdkpxvmchuintg365oeq","route_table_id":null,"services":[{"service_id":"ocid1.service.oc1.eu-stockholm-1.aaaaaaaarejx6trocduprd4rjbu47j5oxialnnf3hetb7dazo22dlopv2gza","service_name":"All ARN Services In Oracle Services Network"}],"state":"AVAILABLE","time_created":"2025-10-23 13:05:52.442 +0000 UTC","timeouts":null,"vcn_id":"ocid1.vcn.oc1.eu-stockholm-1.amaaaaaalri3laiasz6afha2nxbbzk3vidauwu77dtfntt2yyf6duk4ekxma"},"sensitive_attributes":[],"private":"eyJlMmJmYjczMC1lY2FhLTExZTYtOGY4OC0zNDM2M2JjN2M0YzAiOnsiY3JlYXRlIjoxMjAwMDAwMDAwMDAwLCJkZWxldGUiOjEyMDAwMDAwMDAwMDAsInVwZGF0ZSI6MTIwMDAwMDAwMDAwMH19","dependencies":["module.vcn.data.oci_core_services.all_oci_services","module.vcn.oci_core_vcn.vcn","oci_identity_compartment.tf-compartment"]}]},{"module":"module.vcn","mode":"managed","type":"oci_core_vcn","name":"vcn","provider":"provider[\"registry.opentofu.org/oracle/oci\"]","instances":[{"schema_version":0,"attributes":{"byoipv6cidr_blocks":[],"byoipv6cidr_details":null,"cidr_block":"10.0.0.0/16","cidr_blocks":["10.0.0.0/16"],"compartment_id":"ocid1.compartment.oc1..aaaaaaaax3e2uwp5gy6z4v7h6cqb4wugfyipo6pltfxxlsy377zmrb3xuasq","default_dhcp_options_id":"ocid1.dhcpoptions.oc1.eu-stockholm-1.aaaaaaaaeqxhflmkvd3nyspgrz2cqf4w5b2tedl7mo2mp3sii5pmea2xr3wq","default_route_table_id":"ocid1.routetable.oc1.eu-stockholm-1.aaaaaaaa6ht2i5li373fxemz3n2qam44ch6ropiqxxlchi7j3gst7c37omlq","default_security_list_id":"ocid1.securitylist.oc1.eu-stockholm-1.aaaaaaaadgxox5j67vnzls62mij2ndt2pvilvlulpt3faunhs7eijnx6kevq","defined_tags":{"Oracle-Tags.CreatedBy":"default/emanueljohnsongodin@gmail.com","Oracle-Tags.CreatedOn":"2025-10-23T13:05:49.274Z"},"display_name":"tf-vcn","dns_label":"vcnmodule","freeform_tags":{"module":"oracle-terraform-modules/vcn/oci","terraformed":"Please do not edit manually"},"id":"ocid1.vcn.oc1.eu-stockholm-1.amaaaaaalri3laiasz6afha2nxbbzk3vidauwu77dtfntt2yyf6duk4ekxma","ipv6cidr_blocks":[],"ipv6private_cidr_blocks":[],"is_ipv6enabled":false,"is_oracle_gua_allocation_enabled":null,"security_attributes":{},"state":"AVAILABLE","time_created":"2025-10-23 13:05:49.334 +0000 UTC","timeouts":null,"vcn_domain_name":"vcnmodule.oraclevcn.com"},"sensitive_attributes":[],"private":"eyJlMmJmYjczMC1lY2FhLTExZTYtOGY4OC0zNDM2M2JjN2M0YzAiOnsiY3JlYXRlIjoxMjAwMDAwMDAwMDAwLCJkZWxldGUiOjEyMDAwMDAwMDAwMDAsInVwZGF0ZSI6MTIwMDAwMDAwMDAwMH19","dependencies":["oci_identity_compartment.tf-compartment"]}]}],"check_results":[{"object_kind":"var","config_addr":"module.vcn.var.nat_gateway_display_name","status":"pass","objects":[{"object_addr":"module.vcn.var.nat_gateway_display_name","status":"pass"}]},{"object_kind":"var","config_addr":"module.vcn.var.vcn_dns_label","status":"pass","objects":[{"object_addr":"module.vcn.var.vcn_dns_label","status":"pass"}]},{"object_kind":"var","config_addr":"module.vcn.var.internet_gateway_display_name","status":"pass","objects":[{"object_addr":"module.vcn.var.internet_gateway_display_name","status":"pass"}]},{"object_kind":"var","config_addr":"module.vcn.var.service_gateway_display_name","status":"pass","objects":[{"object_addr":"module.vcn.var.service_gateway_display_name","status":"pass"}]},{"object_kind":"var","config_addr":"module.vcn.var.vcn_name","status":"pass","objects":[{"object_addr":"module.vcn.var.vcn_name","status":"pass"}]}]}
